
Microsoft Visual Studio Solution File, Format Version 12.00
# Visual Studio Version 17
VisualStudioVersion = 17.3.32901.215
MinimumVisualStudioVersion = 10.0.40219.1
Project("{FAE04EC0-301F-11D3-BF4B-00C04F79EFBC}") = "Task1", "ConsoleApp3\Task1.csproj", "{8D9ABE71-E6A8-482F-91FB-3747E62F9EB4}"
EndProject
Project("{FAE04EC0-301F-11D3-BF4B-00C04F79EFBC}") = "Task2", "Task2\Task2.csproj", "{7B025875-B174-4F26-ABFC-405B37C9EC21}"
EndProject
Global
	GlobalSection(SolutionConfigurationPlatforms) = preSolution
		Debug|Any CPU = Debug|Any CPU
		Release|Any CPU = Release|Any CPU
	EndGlobalSection
	GlobalSection(ProjectConfigurationPlatforms) = postSolution
		{8D9ABE71-E6A8-482F-91FB-3747E62F9EB4}.Debug|Any CPU.ActiveCfg = Debug|Any CPU
		{8D9ABE71-E6A8-482F-91FB-3747E62F9EB4}.Debug|Any CPU.Build.0 = Debug|Any CPU
		{8D9ABE71-E6A8-482F-91FB-3747E62F9EB4}.Release|Any CPU.ActiveCfg = Release|Any CPU
		{8D9ABE71-E6A8-482F-91FB-3747E62F9EB4}.Release|Any CPU.Build.0 = Release|Any CPU
		{7B025875-B174-4F26-ABFC-405B37C9EC21}.Debug|Any CPU.ActiveCfg = Debug|Any CPU
		{7B025875-B174-4F26-ABFC-405B37C9EC21}.Debug|Any CPU.Build.0 = Debug|Any CPU
		{7B025875-B174-4F26-ABFC-405B37C9EC21}.Release|Any CPU.ActiveCfg = Release|Any CPU
		{7B025875-B174-4F26-ABFC-405B37C9EC21}.Release|Any CPU.Build.0 = Release|Any CPU
	EndGlobalSection
	GlobalSection(SolutionProperties) = preSolution
		HideSolutionNode = FALSE
	EndGlobalSection
	GlobalSection(ExtensibilityGlobals) = postSolution
		SolutionGuid = {E9C5500F-25D3-496C-BAA9-CD2F2546737E}
	EndGlobalSection
EndGlobal
